
Microsoft Visual Studio Solution File, Format Version 12.00
# Visual Studio Version 17
VisualStudioVersion = 17.6.33815.320
MinimumVisualStudioVersion = 10.0.40219.1
Project("{FAE04EC0-301F-11D3-BF4B-00C04F79EFBC}") = "modu", "modu\modu.csproj", "{57938C65-AFDA-46FC-B92A-8557BD1B43B1}"
EndProject
Global
	GlobalSection(SolutionConfigurationPlatforms) = preSolution
		Debug|Any CPU = Debug|Any CPU
		Release|Any CPU = Release|Any CPU
	EndGlobalSection
	GlobalSection(ProjectConfigurationPlatforms) = postSolution
		{57938C65-AFDA-46FC-B92A-8557BD1B43B1}.Debug|Any CPU.ActiveCfg = Debug|Any CPU
		{57938C65-AFDA-46FC-B92A-8557BD1B43B1}.Debug|Any CPU.Build.0 = Debug|Any CPU
		{57938C65-AFDA-46FC-B92A-8557BD1B43B1}.Release|Any CPU.ActiveCfg = Release|Any CPU
		{57938C65-AFDA-46FC-B92A-8557BD1B43B1}.Release|Any CPU.Build.0 = Release|Any CPU
	EndGlobalSection
	GlobalSection(SolutionProperties) = preSolution
		HideSolutionNode = FALSE
	EndGlobalSection
	GlobalSection(ExtensibilityGlobals) = postSolution
		SolutionGuid = {B6B8B66F-E971-4E68-914B-76AC208AF84D}
	EndGlobalSection
EndGlobal
